// !$*UTF8*$!
{
	archiveVersion = 1;
	classes = {
	};
	objectVersion = 55;
	objects = {

/* Begin PBXBuildFile section */
		644A42D7287D960600F613FA /* sampleSwiftUIProjectApp.swift in Sources */ = {isa = PBXBuildFile; fileRef = 644A42D6287D960600F613FA /* sampleSwiftUIProjectApp.swift */; };
		644A42D9287D960600F613FA /* ContentView.swift in Sources */ = {isa = PBXBuildFile; fileRef = 644A42D8287D960600F613FA /* ContentView.swift */; };
		644A42DB287D960700F613FA /* Assets.xcassets in Resources */ = {isa = PBXBuildFile; fileRef = 644A42DA287D960700F613FA /* Assets.xcassets */; };
		644A42DE287D960700F613FA /* Preview Assets.xcassets in Resources */ = {isa = PBXBuildFile; fileRef = 644A42DD287D960700F613FA /* Preview Assets.xcassets */; };
		644A42E5287D9A1A00F613FA /* TabBarView.swift in Sources */ = {isa = PBXBuildFile; fileRef = 644A42E4287D9A1A00F613FA /* TabBarView.swift */; };
		644A42E8287D9CE400F613FA /* Demo.swift in Sources */ = {isa = PBXBuildFile; fileRef = 644A42E7287D9CE400F613FA /* Demo.swift */; };
		644A42EA287D9DFC00F613FA /* HeaderModifier.swift in Sources */ = {isa = PBXBuildFile; fileRef = 644A42E9287D9DFC00F613FA /* HeaderModifier.swift */; };
		644A42EC287DB45B00F613FA /* RegularModifier.swift in Sources */ = {isa = PBXBuildFile; fileRef = 644A42EB287DB45B00F613FA /* RegularModifier.swift */; };
		644A42EF287DB64F00F613FA /* LoginVKView.swift in Sources */ = {isa = PBXBuildFile; fileRef = 644A42EE287DB64F00F613FA /* LoginVKView.swift */; };
		644A42F3287EBACC00F613FA /* Top100FilmList.swift in Sources */ = {isa = PBXBuildFile; fileRef = 644A42F2287EBACC00F613FA /* Top100FilmList.swift */; };
		644A42F52881E57700F613FA /* Film.swift in Sources */ = {isa = PBXBuildFile; fileRef = 644A42F42881E57700F613FA /* Film.swift */; };
		644A42FA2883FB6100F613FA /* Posters.swift in Sources */ = {isa = PBXBuildFile; fileRef = 644A42F92883FB6100F613FA /* Posters.swift */; };
		644A42FC2883FCCD00F613FA /* DetailFilm.swift in Sources */ = {isa = PBXBuildFile; fileRef = 644A42FB2883FCCD00F613FA /* DetailFilm.swift */; };
		644A42FF288401CA00F613FA /* Moya in Frameworks */ = {isa = PBXBuildFile; productRef = 644A42FE288401CA00F613FA /* Moya */; };
		644A4301288402A700F613FA /* RequestKinopoisk.swift in Sources */ = {isa = PBXBuildFile; fileRef = 644A4300288402A700F613FA /* RequestKinopoisk.swift */; };
		644A43042884062100F613FA /* Top100ViewModel.swift in Sources */ = {isa = PBXBuildFile; fileRef = 644A43032884062100F613FA /* Top100ViewModel.swift */; };
		644A43062884066700F613FA /* DetailFilmViewModel.swift in Sources */ = {isa = PBXBuildFile; fileRef = 644A43052884066700F613FA /* DetailFilmViewModel.swift */; };
		644A43092884277F00F613FA /* FilmListItem.swift in Sources */ = {isa = PBXBuildFile; fileRef = 644A43082884277F00F613FA /* FilmListItem.swift */; };
		644A430B2884297400F613FA /* Extension.swift in Sources */ = {isa = PBXBuildFile; fileRef = 644A430A2884297400F613FA /* Extension.swift */; };
		644A430D2884393B00F613FA /* CacheAsyncImage.swift in Sources */ = {isa = PBXBuildFile; fileRef = 644A430C2884393B00F613FA /* CacheAsyncImage.swift */; };
		644A430F28844B4D00F613FA /* DetailFilmView.swift in Sources */ = {isa = PBXBuildFile; fileRef = 644A430E28844B4D00F613FA /* DetailFilmView.swift */; };
/* End PBXBuildFile section */

/* Begin PBXFileReference section */
		644A42D3287D960600F613FA /* sampleSwiftUIProject.app */ = {isa = PBXFileReference; explicitFileType = wrapper.application; includeInIndex = 0; path = sampleSwiftUIProject.app; sourceTree = BUILT_PRODUCTS_DIR; };
		644A42D6287D960600F613FA /* sampleSwiftUIProjectApp.swift */ = {isa = PBXFileReference; lastKnownFileType = sourcecode.swift; path = sampleSwiftUIProjectApp.swift; sourceTree = "<group>"; };
		644A42D8287D960600F613FA /* ContentView.swift */ = {isa = PBXFileReference; lastKnownFileType = sourcecode.swift; path = ContentView.swift; sourceTree = "<group>"; };
		644A42DA287D960700F613FA /* Assets.xcassets */ = {isa = PBXFileReference; lastKnownFileType = folder.assetcatalog; path = Assets.xcassets; sourceTree = "<group>"; };
		644A42DD287D960700F613FA /* Preview Assets.xcassets */ = {isa = PBXFileReference; lastKnownFileType = folder.assetcatalog; path = "Preview Assets.xcassets"; sourceTree = "<group>"; };
		644A42E4287D9A1A00F613FA /* TabBarView.swift */ = {isa = PBXFileReference; lastKnownFileType = sourcecode.swift; path = TabBarView.swift; sourceTree = "<group>"; };
		644A42E7287D9CE400F613FA /* Demo.swift */ = {isa = PBXFileReference; lastKnownFileType = sourcecode.swift; path = Demo.swift; sourceTree = "<group>"; };
		644A42E9287D9DFC00F613FA /* HeaderModifier.swift */ = {isa = PBXFileReference; lastKnownFileType = sourcecode.swift; path = HeaderModifier.swift; sourceTree = "<group>"; };
		644A42EB287DB45B00F613FA /* RegularModifier.swift */ = {isa = PBXFileReference; lastKnownFileType = sourcecode.swift; path = RegularModifier.swift; sourceTree = "<group>"; };
		644A42EE287DB64F00F613FA /* LoginVKView.swift */ = {isa = PBXFileReference; lastKnownFileType = sourcecode.swift; path = LoginVKView.swift; sourceTree = "<group>"; };
		644A42F2287EBACC00F613FA /* Top100FilmList.swift */ = {isa = PBXFileReference; lastKnownFileType = sourcecode.swift; path = Top100FilmList.swift; sourceTree = "<group>"; };
		644A42F42881E57700F613FA /* Film.swift */ = {isa = PBXFileReference; lastKnownFileType = sourcecode.swift; path = Film.swift; sourceTree = "<group>"; };
		644A42F92883FB6100F613FA /* Posters.swift */ = {isa = PBXFileReference; lastKnownFileType = sourcecode.swift; path = Posters.swift; sourceTree = "<group>"; };
		644A42FB2883FCCD00F613FA /* DetailFilm.swift */ = {isa = PBXFileReference; lastKnownFileType = sourcecode.swift; path = DetailFilm.swift; sourceTree = "<group>"; };
		644A4300288402A700F613FA /* RequestKinopoisk.swift */ = {isa = PBXFileReference; lastKnownFileType = sourcecode.swift; path = RequestKinopoisk.swift; sourceTree = "<group>"; };
		644A43032884062100F613FA /* Top100ViewModel.swift */ = {isa = PBXFileReference; lastKnownFileType = sourcecode.swift; path = Top100ViewModel.swift; sourceTree = "<group>"; };
		644A43052884066700F613FA /* DetailFilmViewModel.swift */ = {isa = PBXFileReference; lastKnownFileType = sourcecode.swift; path = DetailFilmViewModel.swift; sourceTree = "<group>"; };
		644A43082884277F00F613FA /* FilmListItem.swift */ = {isa = PBXFileReference; lastKnownFileType = sourcecode.swift; path = FilmListItem.swift; sourceTree = "<group>"; };
		644A430A2884297400F613FA /* Extension.swift */ = {isa = PBXFileReference; lastKnownFileType = sourcecode.swift; path = Extension.swift; sourceTree = "<group>"; };
		644A430C2884393B00F613FA /* CacheAsyncImage.swift */ = {isa = PBXFileReference; lastKnownFileType = sourcecode.swift; path = CacheAsyncImage.swift; sourceTree = "<group>"; };
		644A430E28844B4D00F613FA /* DetailFilmView.swift */ = {isa = PBXFileReference; lastKnownFileType = sourcecode.swift; path = DetailFilmView.swift; sourceTree = "<group>"; };
/* End PBXFileReference section */

/* Begin PBXFrameworksBuildPhase section */
		644A42D0287D960600F613FA /* Frameworks */ = {
			isa = PBXFrameworksBuildPhase;
			buildActionMask = 2147483647;
			files = (
				644A42FF288401CA00F613FA /* Moya in Frameworks */,
			);
			runOnlyForDeploymentPostprocessing = 0;
		};
/* End PBXFrameworksBuildPhase section */

/* Begin PBXGroup section */
		644A42CA287D960600F613FA = {
			isa = PBXGroup;
			children = (
				644A42D5287D960600F613FA /* sampleSwiftUIProject */,
				644A42D4287D960600F613FA /* Products */,
			);
			sourceTree = "<group>";
		};
		644A42D4287D960600F613FA /* Products */ = {
			isa = PBXGroup;
			children = (
				644A42D3287D960600F613FA /* sampleSwiftUIProject.app */,
			);
			name = Products;
			sourceTree = "<group>";
		};
		644A42D5287D960600F613FA /* sampleSwiftUIProject */ = {
			isa = PBXGroup;
			children = (
				644A42F0287E1B2800F613FA /* Films */,
				644A42ED287DB63100F613FA /* VKlogin */,
				644A42E6287D9CD100F613FA /* Demo */,
				644A42E4287D9A1A00F613FA /* TabBarView.swift */,
				644A42D6287D960600F613FA /* sampleSwiftUIProjectApp.swift */,
				644A42D8287D960600F613FA /* ContentView.swift */,
				644A42DA287D960700F613FA /* Assets.xcassets */,
				644A42DC287D960700F613FA /* Preview Content */,
				644A430A2884297400F613FA /* Extension.swift */,
			);
			path = sampleSwiftUIProject;
			sourceTree = "<group>";
		};
		644A42DC287D960700F613FA /* Preview Content */ = {
			isa = PBXGroup;
			children = (
				644A42DD287D960700F613FA /* Preview Assets.xcassets */,
			);
			path = "Preview Content";
			sourceTree = "<group>";
		};
		644A42E6287D9CD100F613FA /* Demo */ = {
			isa = PBXGroup;
			children = (
				644A42E7287D9CE400F613FA /* Demo.swift */,
				644A42E9287D9DFC00F613FA /* HeaderModifier.swift */,
				644A42EB287DB45B00F613FA /* RegularModifier.swift */,
			);
			path = Demo;
			sourceTree = "<group>";
		};
		644A42ED287DB63100F613FA /* VKlogin */ = {
			isa = PBXGroup;
			children = (
				644A42EE287DB64F00F613FA /* LoginVKView.swift */,
			);
			path = VKlogin;
			sourceTree = "<group>";
		};
		644A42F0287E1B2800F613FA /* Films */ = {
			isa = PBXGroup;
			children = (
				644A43072884275000F613FA /* Views */,
				644A43022884060400F613FA /* ViewModel */,
				644A42F62881E63A00F613FA /* Service */,
				644A42F1287E1B4200F613FA /* Model */,
				644A42F2287EBACC00F613FA /* Top100FilmList.swift */,
				644A430E28844B4D00F613FA /* DetailFilmView.swift */,
			);
			path = Films;
			sourceTree = "<group>";
		};
		644A42F1287E1B4200F613FA /* Model */ = {
			isa = PBXGroup;
			children = (
				644A42F42881E57700F613FA /* Film.swift */,
				644A42F92883FB6100F613FA /* Posters.swift */,
				644A42FB2883FCCD00F613FA /* DetailFilm.swift */,
			);
			path = Model;
			sourceTree = "<group>";
		};
		644A42F62881E63A00F613FA /* Service */ = {
			isa = PBXGroup;
			children = (
				644A4300288402A700F613FA /* RequestKinopoisk.swift */,
			);
			path = Service;
			sourceTree = "<group>";
		};
		644A43022884060400F613FA /* ViewModel */ = {
			isa = PBXGroup;
			children = (
				644A43032884062100F613FA /* Top100ViewModel.swift */,
				644A43052884066700F613FA /* DetailFilmViewModel.swift */,
			);
			path = ViewModel;
			sourceTree = "<group>";
		};
		644A43072884275000F613FA /* Views */ = {
			isa = PBXGroup;
			children = (
				644A43082884277F00F613FA /* FilmListItem.swift */,
				644A430C2884393B00F613FA /* CacheAsyncImage.swift */,
			);
			path = Views;
			sourceTree = "<group>";
		};
/* End PBXGroup section */

/* Begin PBXNativeTarget section */
		644A42D2287D960600F613FA /* sampleSwiftUIProject */ = {
			isa = PBXNativeTarget;
			buildConfigurationList = 644A42E1287D960700F613FA /* Build configuration list for PBXNativeTarget "sampleSwiftUIProject" */;
			buildPhases = (
				644A42CF287D960600F613FA /* Sources */,
				644A42D0287D960600F613FA /* Frameworks */,
				644A42D1287D960600F613FA /* Resources */,
			);
			buildRules = (
			);
			dependencies = (
			);
			name = sampleSwiftUIProject;
			packageProductDependencies = (
				644A42FE288401CA00F613FA /* Moya */,
			);
			productName = sampleSwiftUIProject;
			productReference = 644A42D3287D960600F613FA /* sampleSwiftUIProject.app */;
			productType = "com.apple.product-type.application";
		};
/* End PBXNativeTarget section */

/* Begin PBXProject section */
		644A42CB287D960600F613FA /* Project object */ = {
			isa = PBXProject;
			attributes = {
				BuildIndependentTargetsInParallel = 1;
				LastSwiftUpdateCheck = 1330;
				LastUpgradeCheck = 1330;
				TargetAttributes = {
					644A42D2287D960600F613FA = {
						CreatedOnToolsVersion = 13.3;
					};
				};
			};
			buildConfigurationList = 644A42CE287D960600F613FA /* Build configuration list for PBXProject "sampleSwiftUIProject" */;
			compatibilityVersion = "Xcode 13.0";
			developmentRegion = en;
			hasScannedForEncodings = 0;
			knownRegions = (
				en,
				Base,
			);
			mainGroup = 644A42CA287D960600F613FA;
			packageReferences = (
				644A42FD288401CA00F613FA /* XCRemoteSwiftPackageReference "Moya" */,
			);
			productRefGroup = 644A42D4287D960600F613FA /* Products */;
			projectDirPath = "";
			projectRoot = "";
			targets = (
				644A42D2287D960600F613FA /* sampleSwiftUIProject */,
			);
		};
/* End PBXProject section */

/* Begin PBXResourcesBuildPhase section */
		644A42D1287D960600F613FA /* Resources */ = {
			isa = PBXResourcesBuildPhase;
			buildActionMask = 2147483647;
			files = (
				644A42DE287D960700F613FA /* Preview Assets.xcassets in Resources */,
				644A42DB287D960700F613FA /* Assets.xcassets in Resources */,
			);
			runOnlyForDeploymentPostprocessing = 0;
		};
/* End PBXResourcesBuildPhase section */

/* Begin PBXSourcesBuildPhase section */
		644A42CF287D960600F613FA /* Sources */ = {
			isa = PBXSourcesBuildPhase;
			buildActionMask = 2147483647;
			files = (
				644A42F52881E57700F613FA /* Film.swift in Sources */,
				644A43092884277F00F613FA /* FilmListItem.swift in Sources */,
				644A42EA287D9DFC00F613FA /* HeaderModifier.swift in Sources */,
				644A430D2884393B00F613FA /* CacheAsyncImage.swift in Sources */,
				644A42D9287D960600F613FA /* ContentView.swift in Sources */,
				644A430F28844B4D00F613FA /* DetailFilmView.swift in Sources */,
				644A43042884062100F613FA /* Top100ViewModel.swift in Sources */,
				644A4301288402A700F613FA /* RequestKinopoisk.swift in Sources */,
				644A42E5287D9A1A00F613FA /* TabBarView.swift in Sources */,
				644A430B2884297400F613FA /* Extension.swift in Sources */,
				644A43062884066700F613FA /* DetailFilmViewModel.swift in Sources */,
				644A42EC287DB45B00F613FA /* RegularModifier.swift in Sources */,
				644A42E8287D9CE400F613FA /* Demo.swift in Sources */,
				644A42EF287DB64F00F613FA /* LoginVKView.swift in Sources */,
				644A42FA2883FB6100F613FA /* Posters.swift in Sources */,
				644A42D7287D960600F613FA /* sampleSwiftUIProjectApp.swift in Sources */,
				644A42FC2883FCCD00F613FA /* DetailFilm.swift in Sources */,
				644A42F3287EBACC00F613FA /* Top100FilmList.swift in Sources */,
			);
			runOnlyForDeploymentPostprocessing = 0;
		};
/* End PBXSourcesBuildPhase section */

/* Begin XCBuildConfiguration section */
		644A42DF287D960700F613FA /* Debug */ = {
			isa = XCBuildConfiguration;
			buildSettings = {
				ALWAYS_SEARCH_USER_PATHS = NO;
				CLANG_ANALYZER_NONNULL = YES;
				CLANG_ANALYZER_NUMBER_OBJECT_CONVERSION = YES_AGGRESSIVE;
				CLANG_CXX_LANGUAGE_STANDARD = "gnu++17";
				CLANG_ENABLE_MODULES = YES;
				CLANG_ENABLE_OBJC_ARC = YES;
				CLANG_ENABLE_OBJC_WEAK = YES;
				CLANG_WARN_BLOCK_CAPTURE_AUTORELEASING = YES;
				CLANG_WARN_BOOL_CONVERSION = YES;
				CLANG_WARN_COMMA = YES;
				CLANG_WARN_CONSTANT_CONVERSION = YES;
				CLANG_WARN_DEPRECATED_OBJC_IMPLEMENTATIONS = YES;
				CLANG_WARN_DIRECT_OBJC_ISA_USAGE = YES_ERROR;
				CLANG_WARN_DOCUMENTATION_COMMENTS = YES;
				CLANG_WARN_EMPTY_BODY = YES;
				CLANG_WARN_ENUM_CONVERSION = YES;
				CLANG_WARN_INFINITE_RECURSION = YES;
				CLANG_WARN_INT_CONVERSION = YES;
				CLANG_WARN_NON_LITERAL_NULL_CONVERSION = YES;
				CLANG_WARN_OBJC_IMPLICIT_RETAIN_SELF = YES;
				CLANG_WARN_OBJC_LITERAL_CONVERSION = YES;
				CLANG_WARN_OBJC_ROOT_CLASS = YES_ERROR;
				CLANG_WARN_QUOTED_INCLUDE_IN_FRAMEWORK_HEADER = YES;
				CLANG_WARN_RANGE_LOOP_ANALYSIS = YES;
				CLANG_WARN_STRICT_PROTOTYPES = YES;
				CLANG_WARN_SUSPICIOUS_MOVE = YES;
				CLANG_WARN_UNGUARDED_AVAILABILITY = YES_AGGRESSIVE;
				CLANG_WARN_UNREACHABLE_CODE = YES;
				CLANG_WARN__DUPLICATE_METHOD_MATCH = YES;
				COPY_PHASE_STRIP = NO;
				DEBUG_INFORMATION_FORMAT = dwarf;
				ENABLE_STRICT_OBJC_MSGSEND = YES;
				ENABLE_TESTABILITY = YES;
				GCC_C_LANGUAGE_STANDARD = gnu11;
				GCC_DYNAMIC_NO_PIC = NO;
				GCC_NO_COMMON_BLOCKS = YES;
				GCC_OPTIMIZATION_LEVEL = 0;
				GCC_PREPROCESSOR_DEFINITIONS = (
					"DEBUG=1",
					"$(inherited)",
				);
				GCC_WARN_64_TO_32_BIT_CONVERSION = YES;
				GCC_WARN_ABOUT_RETURN_TYPE = YES_ERROR;
				GCC_WARN_UNDECLARED_SELECTOR = YES;
				GCC_WARN_UNINITIALIZED_AUTOS = YES_AGGRESSIVE;
				GCC_WARN_UNUSED_FUNCTION = YES;
				GCC_WARN_UNUSED_VARIABLE = YES;
				IPHONEOS_DEPLOYMENT_TARGET = 15.4;
				MTL_ENABLE_DEBUG_INFO = INCLUDE_SOURCE;
				MTL_FAST_MATH = YES;
				ONLY_ACTIVE_ARCH = YES;
				SDKROOT = iphoneos;
				SWIFT_ACTIVE_COMPILATION_CONDITIONS = DEBUG;
				SWIFT_OPTIMIZATION_LEVEL = "-Onone";
			};
			name = Debug;
		};
		644A42E0287D960700F613FA /* Release */ = {
			isa = XCBuildConfiguration;
			buildSettings = {
				ALWAYS_SEARCH_USER_PATHS = NO;
				CLANG_ANALYZER_NONNULL = YES;
				CLANG_ANALYZER_NUMBER_OBJECT_CONVERSION = YES_AGGRESSIVE;
				CLANG_CXX_LANGUAGE_STANDARD = "gnu++17";
				CLANG_ENABLE_MODULES = YES;
				CLANG_ENABLE_OBJC_ARC = YES;
				CLANG_ENABLE_OBJC_WEAK = YES;
				CLANG_WARN_BLOCK_CAPTURE_AUTORELEASING = YES;
				CLANG_WARN_BOOL_CONVERSION = YES;
				CLANG_WARN_COMMA = YES;
				CLANG_WARN_CONSTANT_CONVERSION = YES;
				CLANG_WARN_DEPRECATED_OBJC_IMPLEMENTATIONS = YES;
				CLANG_WARN_DIRECT_OBJC_ISA_USAGE = YES_ERROR;
				CLANG_WARN_DOCUMENTATION_COMMENTS = YES;
				CLANG_WARN_EMPTY_BODY = YES;
				CLANG_WARN_ENUM_CONVERSION = YES;
				CLANG_WARN_INFINITE_RECURSION = YES;
				CLANG_WARN_INT_CONVERSION = YES;
				CLANG_WARN_NON_LITERAL_NULL_CONVERSION = YES;
				CLANG_WARN_OBJC_IMPLICIT_RETAIN_SELF = YES;
				CLANG_WARN_OBJC_LITERAL_CONVERSION = YES;
				CLANG_WARN_OBJC_ROOT_CLASS = YES_ERROR;
				CLANG_WARN_QUOTED_INCLUDE_IN_FRAMEWORK_HEADER = YES;
				CLANG_WARN_RANGE_LOOP_ANALYSIS = YES;
				CLANG_WARN_STRICT_PROTOTYPES = YES;
				CLANG_WARN_SUSPICIOUS_MOVE = YES;
				CLANG_WARN_UNGUARDED_AVAILABILITY = YES_AGGRESSIVE;
				CLANG_WARN_UNREACHABLE_CODE = YES;
				CLANG_WARN__DUPLICATE_METHOD_MATCH = YES;
				COPY_PHASE_STRIP = NO;
				DEBUG_INFORMATION_FORMAT = "dwarf-with-dsym";
				ENABLE_NS_ASSERTIONS = NO;
				ENABLE_STRICT_OBJC_MSGSEND = YES;
				GCC_C_LANGUAGE_STANDARD = gnu11;
				GCC_NO_COMMON_BLOCKS = YES;
				GCC_WARN_64_TO_32_BIT_CONVERSION = YES;
				GCC_WARN_ABOUT_RETURN_TYPE = YES_ERROR;
				GCC_WARN_UNDECLARED_SELECTOR = YES;
				GCC_WARN_UNINITIALIZED_AUTOS = YES_AGGRESSIVE;
				GCC_WARN_UNUSED_FUNCTION = YES;
				GCC_WARN_UNUSED_VARIABLE = YES;
				IPHONEOS_DEPLOYMENT_TARGET = 15.4;
				MTL_ENABLE_DEBUG_INFO = NO;
				MTL_FAST_MATH = YES;
				SDKROOT = iphoneos;
				SWIFT_COMPILATION_MODE = wholemodule;
				SWIFT_OPTIMIZATION_LEVEL = "-O";
				VALIDATE_PRODUCT = YES;
			};
			name = Release;
		};
		644A42E2287D960700F613FA /* Debug */ = {
			isa = XCBuildConfiguration;
			buildSettings = {
				ASSETCATALOG_COMPILER_APPICON_NAME = AppIcon;
				ASSETCATALOG_COMPILER_GLOBAL_ACCENT_COLOR_NAME = AccentColor;
				CODE_SIGN_STYLE = Automatic;
				CURRENT_PROJECT_VERSION = 1;
				DEVELOPMENT_ASSET_PATHS = "\"sampleSwiftUIProject/Preview Content\"";
				DEVELOPMENT_TEAM = UZRVQ48Y4T;
				ENABLE_PREVIEWS = YES;
				GENERATE_INFOPLIST_FILE = YES;
				INFOPLIST_KEY_UIApplicationSceneManifest_Generation = YES;
				INFOPLIST_KEY_UIApplicationSupportsIndirectInputEvents = YES;
				INFOPLIST_KEY_UILaunchScreen_Generation = YES;
				INFOPLIST_KEY_UISupportedInterfaceOrientations_iPad = "UIInterfaceOrientationPortrait UIInterfaceOrientationPortraitUpsideDown UIInterfaceOrientationLandscapeLeft UIInterfaceOrientationLandscapeRight";
				INFOPLIST_KEY_UISupportedInterfaceOrientations_iPhone = "UIInterfaceOrientationPortrait UIInterfaceOrientationLandscapeLeft UIInterfaceOrientationLandscapeRight";
				LD_RUNPATH_SEARCH_PATHS = (
					"$(inherited)",
					"@executable_path/Frameworks",
				);
				MARKETING_VERSION = 1.0;
				PRODUCT_BUNDLE_IDENTIFIER = den.sampleSwiftUIProject;
				PRODUCT_NAME = "$(TARGET_NAME)";
				SWIFT_EMIT_LOC_STRINGS = YES;
				SWIFT_VERSION = 5.0;
				TARGETED_DEVICE_FAMILY = "1,2";
			};
			name = Debug;
		};
		644A42E3287D960700F613FA /* Release */ = {
			isa = XCBuildConfiguration;
			buildSettings = {
				ASSETCATALOG_COMPILER_APPICON_NAME = AppIcon;
				ASSETCATALOG_COMPILER_GLOBAL_ACCENT_COLOR_NAME = AccentColor;
				CODE_SIGN_STYLE = Automatic;
				CURRENT_PROJECT_VERSION = 1;
				DEVELOPMENT_ASSET_PATHS = "\"sampleSwiftUIProject/Preview Content\"";
				DEVELOPMENT_TEAM = UZRVQ48Y4T;
				ENABLE_PREVIEWS = YES;
				GENERATE_INFOPLIST_FILE = YES;
				INFOPLIST_KEY_UIApplicationSceneManifest_Generation = YES;
				INFOPLIST_KEY_UIApplicationSupportsIndirectInputEvents = YES;
				INFOPLIST_KEY_UILaunchScreen_Generation = YES;
				INFOPLIST_KEY_UISupportedInterfaceOrientations_iPad = "UIInterfaceOrientationPortrait UIInterfaceOrientationPortraitUpsideDown UIInterfaceOrientationLandscapeLeft UIInterfaceOrientationLandscapeRight";
				INFOPLIST_KEY_UISupportedInterfaceOrientations_iPhone = "UIInterfaceOrientationPortrait UIInterfaceOrientationLandscapeLeft UIInterfaceOrientationLandscapeRight";
				LD_RUNPATH_SEARCH_PATHS = (
					"$(inherited)",
					"@executable_path/Frameworks",
				);
				MARKETING_VERSION = 1.0;
				PRODUCT_BUNDLE_IDENTIFIER = den.sampleSwiftUIProject;
				PRODUCT_NAME = "$(TARGET_NAME)";
				SWIFT_EMIT_LOC_STRINGS = YES;
				SWIFT_VERSION = 5.0;
				TARGETED_DEVICE_FAMILY = "1,2";
			};
			name = Release;
		};
/* End XCBuildConfiguration section */

/* Begin XCConfigurationList section */
		644A42CE287D960600F613FA /* Build configuration list for PBXProject "sampleSwiftUIProject" */ = {
			isa = XCConfigurationList;
			buildConfigurations = (
				644A42DF287D960700F613FA /* Debug */,
				644A42E0287D960700F613FA /* Release */,
			);
			defaultConfigurationIsVisible = 0;
			defaultConfigurationName = Release;
		};
		644A42E1287D960700F613FA /* Build configuration list for PBXNativeTarget "sampleSwiftUIProject" */ = {
			isa = XCConfigurationList;
			buildConfigurations = (
				644A42E2287D960700F613FA /* Debug */,
				644A42E3287D960700F613FA /* Release */,
			);
			defaultConfigurationIsVisible = 0;
			defaultConfigurationName = Release;
		};
/* End XCConfigurationList section */

/* Begin XCRemoteSwiftPackageReference section */
		644A42FD288401CA00F613FA /* XCRemoteSwiftPackageReference "Moya" */ = {
			isa = XCRemoteSwiftPackageReference;
			repositoryURL = "https://github.com/Moya/Moya";
			requirement = {
				branch = master;
				kind = branch;
			};
		};
/* End XCRemoteSwiftPackageReference section */

/* Begin XCSwiftPackageProductDependency section */
		644A42FE288401CA00F613FA /* Moya */ = {
			isa = XCSwiftPackageProductDependency;
			package = 644A42FD288401CA00F613FA /* XCRemoteSwiftPackageReference "Moya" */;
			productName = Moya;
		};
/* End XCSwiftPackageProductDependency section */
	};
	rootObject = 644A42CB287D960600F613FA /* Project object */;
}
